
Microsoft Visual Studio Solution File, Format Version 12.00
# Visual Studio Version 16
VisualStudioVersion = 16.0.30413.136
MinimumVisualStudioVersion = 10.0.40219.1
Project("{FAE04EC0-301F-11D3-BF4B-00C04F79EFBC}") = "Airline_Web_API", "Airline_Web_API\Airline_Web_API.csproj", "{BEDA40FA-1919-496D-8F27-739002CD0D82}"
EndProject
Project("{00D1A9C2-B5F0-4AF3-8072-F6C62B433612}") = "Airlina_DB", "Airlina_DB\Airlina_DB.sqlproj", "{A8B12BCD-842E-44A2-96C9-225540FB1F80}"
EndProject
Global
	GlobalSection(SolutionConfigurationPlatforms) = preSolution
		Debug|Any CPU = Debug|Any CPU
		Release|Any CPU = Release|Any CPU
	EndGlobalSection
	GlobalSection(ProjectConfigurationPlatforms) = postSolution
		{BEDA40FA-1919-496D-8F27-739002CD0D82}.Debug|Any CPU.ActiveCfg = Debug|Any CPU
		{BEDA40FA-1919-496D-8F27-739002CD0D82}.Debug|Any CPU.Build.0 = Debug|Any CPU
		{BEDA40FA-1919-496D-8F27-739002CD0D82}.Release|Any CPU.ActiveCfg = Release|Any CPU
		{BEDA40FA-1919-496D-8F27-739002CD0D82}.Release|Any CPU.Build.0 = Release|Any CPU
		{A8B12BCD-842E-44A2-96C9-225540FB1F80}.Debug|Any CPU.ActiveCfg = Debug|Any CPU
		{A8B12BCD-842E-44A2-96C9-225540FB1F80}.Debug|Any CPU.Build.0 = Debug|Any CPU
		{A8B12BCD-842E-44A2-96C9-225540FB1F80}.Debug|Any CPU.Deploy.0 = Debug|Any CPU
		{A8B12BCD-842E-44A2-96C9-225540FB1F80}.Release|Any CPU.ActiveCfg = Release|Any CPU
		{A8B12BCD-842E-44A2-96C9-225540FB1F80}.Release|Any CPU.Build.0 = Release|Any CPU
		{A8B12BCD-842E-44A2-96C9-225540FB1F80}.Release|Any CPU.Deploy.0 = Release|Any CPU
	EndGlobalSection
	GlobalSection(SolutionProperties) = preSolution
		HideSolutionNode = FALSE
	EndGlobalSection
	GlobalSection(ExtensibilityGlobals) = postSolution
		SolutionGuid = {AF9E1FCB-067D-445E-9690-C944B6B9967B}
	EndGlobalSection
EndGlobal
